{
  "object": {
    "pins": [
      {
        "package": "Nimble",
        "repositoryURL": "https://github.com/HeMet/Nimble.git",
        "state": {
          "branch": "win-support",
          "revision": "ec4f22089a2a1c6ab4f9d418eea44f06c2164684",
          "version": null
        }
      },
      {
        "package": "Quick",
        "repositoryURL": "https://github.com/Quick/Quick.git",
        "state": {
          "branch": null,
          "revision": "8cce6acd38f965f5baa3167b939f86500314022b",
          "version": "3.1.2"
        }
      }
    ]
  },
  "version": 1
}
